
Microsoft Visual Studio Solution File, Format Version 12.00
# Visual Studio Version 16
VisualStudioVersion = 16.0.31424.327
MinimumVisualStudioVersion = 10.0.40219.1
Project("{FAE04EC0-301F-11D3-BF4B-00C04F79EFBC}") = "EmployeeWageComputation", "EmployeeWageComputation.csproj", "{B57AFB59-AFEE-4C1A-9F0A-2B5FDDBEEF1C}"
EndProject
Global
	GlobalSection(SolutionConfigurationPlatforms) = preSolution
		Debug|Any CPU = Debug|Any CPU
		Release|Any CPU = Release|Any CPU
	EndGlobalSection
	GlobalSection(ProjectConfigurationPlatforms) = postSolution
		{B57AFB59-AFEE-4C1A-9F0A-2B5FDDBEEF1C}.Debug|Any CPU.ActiveCfg = Debug|Any CPU
		{B57AFB59-AFEE-4C1A-9F0A-2B5FDDBEEF1C}.Debug|Any CPU.Build.0 = Debug|Any CPU
		{B57AFB59-AFEE-4C1A-9F0A-2B5FDDBEEF1C}.Release|Any CPU.ActiveCfg = Release|Any CPU
		{B57AFB59-AFEE-4C1A-9F0A-2B5FDDBEEF1C}.Release|Any CPU.Build.0 = Release|Any CPU
	EndGlobalSection
	GlobalSection(SolutionProperties) = preSolution
		HideSolutionNode = FALSE
	EndGlobalSection
	GlobalSection(ExtensibilityGlobals) = postSolution
		SolutionGuid = {2BF8ABD4-B21C-4D19-8C7E-5247B5FCC99E}
	EndGlobalSection
EndGlobal
